// !$*UTF8*$!
{
	archiveVersion = 1;
	classes = {
	};
	objectVersion = 50;
	objects = {

/* Begin PBXBuildFile section */
		A50A67CC24DBB95400FABA4F /* AppDelegate.swift in Sources */ = {isa = PBXBuildFile; fileRef = A50A67CB24DBB95400FABA4F /* AppDelegate.swift */; };
		A50A67CE24DBB95400FABA4F /* SceneDelegate.swift in Sources */ = {isa = PBXBuildFile; fileRef = A50A67CD24DBB95400FABA4F /* SceneDelegate.swift */; };
		A50A67D024DBB95400FABA4F /* ContentView.swift in Sources */ = {isa = PBXBuildFile; fileRef = A50A67CF24DBB95400FABA4F /* ContentView.swift */; };
		A50A67D224DBB95800FABA4F /* Assets.xcassets in Resources */ = {isa = PBXBuildFile; fileRef = A50A67D124DBB95800FABA4F /* Assets.xcassets */; };
		A50A67D524DBB95800FABA4F /* Preview Assets.xcassets in Resources */ = {isa = PBXBuildFile; fileRef = A50A67D424DBB95800FABA4F /* Preview Assets.xcassets */; };
		A50A67D824DBB95800FABA4F /* LaunchScreen.storyboard in Resources */ = {isa = PBXBuildFile; fileRef = A50A67D624DBB95800FABA4F /* LaunchScreen.storyboard */; };
		A50A67E324DBB95800FABA4F /* WriteToDiskTestTests.swift in Sources */ = {isa = PBXBuildFile; fileRef = A50A67E224DBB95800FABA4F /* WriteToDiskTestTests.swift */; };
		A50A67EE24DBB95800FABA4F /* WriteToDiskTestUITests.swift in Sources */ = {isa = PBXBuildFile; fileRef = A50A67ED24DBB95800FABA4F /* WriteToDiskTestUITests.swift */; };
/* End PBXBuildFile section */

/* Begin PBXContainerItemProxy section */
		A50A67DF24DBB95800FABA4F /* PBXContainerItemProxy */ = {
			isa = PBXContainerItemProxy;
			containerPortal = A50A67C024DBB95400FABA4F /* Project object */;
			proxyType = 1;
			remoteGlobalIDString = A50A67C724DBB95400FABA4F;
			remoteInfo = WriteToDiskTest;
		};
		A50A67EA24DBB95800FABA4F /* PBXContainerItemProxy */ = {
			isa = PBXContainerItemProxy;
			containerPortal = A50A67C024DBB95400FABA4F /* Project object */;
			proxyType = 1;
			remoteGlobalIDString = A50A67C724DBB95400FABA4F;
			remoteInfo = WriteToDiskTest;
		};
/* End PBXContainerItemProxy section */

/* Begin PBXFileReference section */
		A50A67C824DBB95400FABA4F /* WriteToDiskTest.app */ = {isa = PBXFileReference; explicitFileType = wrapper.application; includeInIndex = 0; path = WriteToDiskTest.app; sourceTree = BUILT_PRODUCTS_DIR; };
		A50A67CB24DBB95400FABA4F /* AppDelegate.swift */ = {isa = PBXFileReference; lastKnownFileType = sourcecode.swift; path = AppDelegate.swift; sourceTree = "<group>"; };
		A50A67CD24DBB95400FABA4F /* SceneDelegate.swift */ = {isa = PBXFileReference; lastKnownFileType = sourcecode.swift; path = SceneDelegate.swift; sourceTree = "<group>"; };
		A50A67CF24DBB95400FABA4F /* ContentView.swift */ = {isa = PBXFileReference; lastKnownFileType = sourcecode.swift; path = ContentView.swift; sourceTree = "<group>"; };
		A50A67D124DBB95800FABA4F /* Assets.xcassets */ = {isa = PBXFileReference; lastKnownFileType = folder.assetcatalog; path = Assets.xcassets; sourceTree = "<group>"; };
		A50A67D424DBB95800FABA4F /* Preview Assets.xcassets */ = {isa = PBXFileReference; lastKnownFileType = folder.assetcatalog; path = "Preview Assets.xcassets"; sourceTree = "<group>"; };
		A50A67D724DBB95800FABA4F /* Base */ = {isa = PBXFileReference; lastKnownFileType = file.storyboard; name = Base; path = Base.lproj/LaunchScreen.storyboard; sourceTree = "<group>"; };
		A50A67D924DBB95800FABA4F /* Info.plist */ = {isa = PBXFileReference; lastKnownFileType = text.plist.xml; path = Info.plist; sourceTree = "<group>"; };
		A50A67DE24DBB95800FABA4F /* WriteToDiskTestTests.xctest */ = {isa = PBXFileReference; explicitFileType = wrapper.cfbundle; includeInIndex = 0; path = WriteToDiskTestTests.xctest; sourceTree = BUILT_PRODUCTS_DIR; };
		A50A67E224DBB95800FABA4F /* WriteToDiskTestTests.swift */ = {isa = PBXFileReference; lastKnownFileType = sourcecode.swift; path = WriteToDiskTestTests.swift; sourceTree = "<group>"; };
		A50A67E424DBB95800FABA4F /* Info.plist */ = {isa = PBXFileReference; lastKnownFileType = text.plist.xml; path = Info.plist; sourceTree = "<group>"; };
		A50A67E924DBB95800FABA4F /* WriteToDiskTestUITests.xctest */ = {isa = PBXFileReference; explicitFileType = wrapper.cfbundle; includeInIndex = 0; path = WriteToDiskTestUITests.xctest; sourceTree = BUILT_PRODUCTS_DIR; };
		A50A67ED24DBB95800FABA4F /* WriteToDiskTestUITests.swift */ = {isa = PBXFileReference; lastKnownFileType = sourcecode.swift; path = WriteToDiskTestUITests.swift; sourceTree = "<group>"; };
		A50A67EF24DBB95800FABA4F /* Info.plist */ = {isa = PBXFileReference; lastKnownFileType = text.plist.xml; path = Info.plist; sourceTree = "<group>"; };
/* End PBXFileReference section */

/* Begin PBXFrameworksBuildPhase section */
		A50A67C524DBB95400FABA4F /* Frameworks */ = {
			isa = PBXFrameworksBuildPhase;
			buildActionMask = 2147483647;
			files = (
			);
			runOnlyForDeploymentPostprocessing = 0;
		};
		A50A67DB24DBB95800FABA4F /* Frameworks */ = {
			isa = PBXFrameworksBuildPhase;
			buildActionMask = 2147483647;
			files = (
			);
			runOnlyForDeploymentPostprocessing = 0;
		};
		A50A67E624DBB95800FABA4F /* Frameworks */ = {
			isa = PBXFrameworksBuildPhase;
			buildActionMask = 2147483647;
			files = (
			);
			runOnlyForDeploymentPostprocessing = 0;
		};
/* End PBXFrameworksBuildPhase section */

/* Begin PBXGroup section */
		A50A67BF24DBB95400FABA4F = {
			isa = PBXGroup;
			children = (
				A50A67CA24DBB95400FABA4F /* WriteToDiskTest */,
				A50A67E124DBB95800FABA4F /* WriteToDiskTestTests */,
				A50A67EC24DBB95800FABA4F /* WriteToDiskTestUITests */,
				A50A67C924DBB95400FABA4F /* Products */,
			);
			sourceTree = "<group>";
		};
		A50A67C924DBB95400FABA4F /* Products */ = {
			isa = PBXGroup;
			children = (
				A50A67C824DBB95400FABA4F /* WriteToDiskTest.app */,
				A50A67DE24DBB95800FABA4F /* WriteToDiskTestTests.xctest */,
				A50A67E924DBB95800FABA4F /* WriteToDiskTestUITests.xctest */,
			);
			name = Products;
			sourceTree = "<group>";
		};
		A50A67CA24DBB95400FABA4F /* WriteToDiskTest */ = {
			isa = PBXGroup;
			children = (
				A50A67CB24DBB95400FABA4F /* AppDelegate.swift */,
				A50A67CD24DBB95400FABA4F /* SceneDelegate.swift */,
				A50A67CF24DBB95400FABA4F /* ContentView.swift */,
				A50A67D124DBB95800FABA4F /* Assets.xcassets */,
				A50A67D624DBB95800FABA4F /* LaunchScreen.storyboard */,
				A50A67D924DBB95800FABA4F /* Info.plist */,
				A50A67D324DBB95800FABA4F /* Preview Content */,
			);
			path = WriteToDiskTest;
			sourceTree = "<group>";
		};
		A50A67D324DBB95800FABA4F /* Preview Content */ = {
			isa = PBXGroup;
			children = (
				A50A67D424DBB95800FABA4F /* Preview Assets.xcassets */,
			);
			path = "Preview Content";
			sourceTree = "<group>";
		};
		A50A67E124DBB95800FABA4F /* WriteToDiskTestTests */ = {
			isa = PBXGroup;
			children = (
				A50A67E224DBB95800FABA4F /* WriteToDiskTestTests.swift */,
				A50A67E424DBB95800FABA4F /* Info.plist */,
			);
			path = WriteToDiskTestTests;
			sourceTree = "<group>";
		};
		A50A67EC24DBB95800FABA4F /* WriteToDiskTestUITests */ = {
			isa = PBXGroup;
			children = (
				A50A67ED24DBB95800FABA4F /* WriteToDiskTestUITests.swift */,
				A50A67EF24DBB95800FABA4F /* Info.plist */,
			);
			path = WriteToDiskTestUITests;
			sourceTree = "<group>";
		};
/* End PBXGroup section */

/* Begin PBXNativeTarget section */
		A50A67C724DBB95400FABA4F /* WriteToDiskTest */ = {
			isa = PBXNativeTarget;
			buildConfigurationList = A50A67F224DBB95800FABA4F /* Build configuration list for PBXNativeTarget "WriteToDiskTest" */;
			buildPhases = (
				A50A67C424DBB95400FABA4F /* Sources */,
				A50A67C524DBB95400FABA4F /* Frameworks */,
				A50A67C624DBB95400FABA4F /* Resources */,
			);
			buildRules = (
			);
			dependencies = (
			);
			name = WriteToDiskTest;
			productName = WriteToDiskTest;
			productReference = A50A67C824DBB95400FABA4F /* WriteToDiskTest.app */;
			productType = "com.apple.product-type.application";
		};
		A50A67DD24DBB95800FABA4F /* WriteToDiskTestTests */ = {
			isa = PBXNativeTarget;
			buildConfigurationList = A50A67F524DBB95800FABA4F /* Build configuration list for PBXNativeTarget "WriteToDiskTestTests" */;
			buildPhases = (
				A50A67DA24DBB95800FABA4F /* Sources */,
				A50A67DB24DBB95800FABA4F /* Frameworks */,
				A50A67DC24DBB95800FABA4F /* Resources */,
			);
			buildRules = (
			);
			dependencies = (
				A50A67E024DBB95800FABA4F /* PBXTargetDependency */,
			);
			name = WriteToDiskTestTests;
			productName = WriteToDiskTestTests;
			productReference = A50A67DE24DBB95800FABA4F /* WriteToDiskTestTests.xctest */;
			productType = "com.apple.product-type.bundle.unit-test";
		};
		A50A67E824DBB95800FABA4F /* WriteToDiskTestUITests */ = {
			isa = PBXNativeTarget;
			buildConfigurationList = A50A67F824DBB95800FABA4F /* Build configuration list for PBXNativeTarget "WriteToDiskTestUITests" */;
			buildPhases = (
				A50A67E524DBB95800FABA4F /* Sources */,
				A50A67E624DBB95800FABA4F /* Frameworks */,
				A50A67E724DBB95800FABA4F /* Resources */,
			);
			buildRules = (
			);
			dependencies = (
				A50A67EB24DBB95800FABA4F /* PBXTargetDependency */,
			);
			name = WriteToDiskTestUITests;
			productName = WriteToDiskTestUITests;
			productReference = A50A67E924DBB95800FABA4F /* WriteToDiskTestUITests.xctest */;
			productType = "com.apple.product-type.bundle.ui-testing";
		};
/* End PBXNativeTarget section */

/* Begin PBXProject section */
		A50A67C024DBB95400FABA4F /* Project object */ = {
			isa = PBXProject;
			attributes = {
				LastSwiftUpdateCheck = 1140;
				LastUpgradeCheck = 1140;
				ORGANIZATIONNAME = h1d3mun3;
				TargetAttributes = {
					A50A67C724DBB95400FABA4F = {
						CreatedOnToolsVersion = 11.4.1;
					};
					A50A67DD24DBB95800FABA4F = {
						CreatedOnToolsVersion = 11.4.1;
						TestTargetID = A50A67C724DBB95400FABA4F;
					};
					A50A67E824DBB95800FABA4F = {
						CreatedOnToolsVersion = 11.4.1;
						TestTargetID = A50A67C724DBB95400FABA4F;
					};
				};
			};
			buildConfigurationList = A50A67C324DBB95400FABA4F /* Build configuration list for PBXProject "WriteToDiskTest" */;
			compatibilityVersion = "Xcode 9.3";
			developmentRegion = en;
			hasScannedForEncodings = 0;
			knownRegions = (
				en,
				Base,
			);
			mainGroup = A50A67BF24DBB95400FABA4F;
			productRefGroup = A50A67C924DBB95400FABA4F /* Products */;
			projectDirPath = "";
			projectRoot = "";
			targets = (
				A50A67C724DBB95400FABA4F /* WriteToDiskTest */,
				A50A67DD24DBB95800FABA4F /* WriteToDiskTestTests */,
				A50A67E824DBB95800FABA4F /* WriteToDiskTestUITests */,
			);
		};
/* End PBXProject section */

/* Begin PBXResourcesBuildPhase section */
		A50A67C624DBB95400FABA4F /* Resources */ = {
			isa = PBXResourcesBuildPhase;
			buildActionMask = 2147483647;
			files = (
				A50A67D824DBB95800FABA4F /* LaunchScreen.storyboard in Resources */,
				A50A67D524DBB95800FABA4F /* Preview Assets.xcassets in Resources */,
				A50A67D224DBB95800FABA4F /* Assets.xcassets in Resources */,
			);
			runOnlyForDeploymentPostprocessing = 0;
		};
		A50A67DC24DBB95800FABA4F /* Resources */ = {
			isa = PBXResourcesBuildPhase;
			buildActionMask = 2147483647;
			files = (
			);
			runOnlyForDeploymentPostprocessing = 0;
		};
		A50A67E724DBB95800FABA4F /* Resources */ = {
			isa = PBXResourcesBuildPhase;
			buildActionMask = 2147483647;
			files = (
			);
			runOnlyForDeploymentPostprocessing = 0;
		};
/* End PBXResourcesBuildPhase section */

/* Begin PBXSourcesBuildPhase section */
		A50A67C424DBB95400FABA4F /* Sources */ = {
			isa = PBXSourcesBuildPhase;
			buildActionMask = 2147483647;
			files = (
				A50A67CC24DBB95400FABA4F /* AppDelegate.swift in Sources */,
				A50A67CE24DBB95400FABA4F /* SceneDelegate.swift in Sources */,
				A50A67D024DBB95400FABA4F /* ContentView.swift in Sources */,
			);
			runOnlyForDeploymentPostprocessing = 0;
		};
		A50A67DA24DBB95800FABA4F /* Sources */ = {
			isa = PBXSourcesBuildPhase;
			buildActionMask = 2147483647;
			files = (
				A50A67E324DBB95800FABA4F /* WriteToDiskTestTests.swift in Sources */,
			);
			runOnlyForDeploymentPostprocessing = 0;
		};
		A50A67E524DBB95800FABA4F /* Sources */ = {
			isa = PBXSourcesBuildPhase;
			buildActionMask = 2147483647;
			files = (
				A50A67EE24DBB95800FABA4F /* WriteToDiskTestUITests.swift in Sources */,
			);
			runOnlyForDeploymentPostprocessing = 0;
		};
/* End PBXSourcesBuildPhase section */

/* Begin PBXTargetDependency section */
		A50A67E024DBB95800FABA4F /* PBXTargetDependency */ = {
			isa = PBXTargetDependency;
			target = A50A67C724DBB95400FABA4F /* WriteToDiskTest */;
			targetProxy = A50A67DF24DBB95800FABA4F /* PBXContainerItemProxy */;
		};
		A50A67EB24DBB95800FABA4F /* PBXTargetDependency */ = {
			isa = PBXTargetDependency;
			target = A50A67C724DBB95400FABA4F /* WriteToDiskTest */;
			targetProxy = A50A67EA24DBB95800FABA4F /* PBXContainerItemProxy */;
		};
/* End PBXTargetDependency section */

/* Begin PBXVariantGroup section */
		A50A67D624DBB95800FABA4F /* LaunchScreen.storyboard */ = {
			isa = PBXVariantGroup;
			children = (
				A50A67D724DBB95800FABA4F /* Base */,
			);
			name = LaunchScreen.storyboard;
			sourceTree = "<group>";
		};
/* End PBXVariantGroup section */

/* Begin XCBuildConfiguration section */
		A50A67F024DBB95800FABA4F /* Debug */ = {
			isa = XCBuildConfiguration;
			buildSettings = {
				ALWAYS_SEARCH_USER_PATHS = NO;
				CLANG_ANALYZER_NONNULL = YES;
				CLANG_ANALYZER_NUMBER_OBJECT_CONVERSION = YES_AGGRESSIVE;
				CLANG_CXX_LANGUAGE_STANDARD = "gnu++14";
				CLANG_CXX_LIBRARY = "libc++";
				CLANG_ENABLE_MODULES = YES;
				CLANG_ENABLE_OBJC_ARC = YES;
				CLANG_ENABLE_OBJC_WEAK = YES;
				CLANG_WARN_BLOCK_CAPTURE_AUTORELEASING = YES;
				CLANG_WARN_BOOL_CONVERSION = YES;
				CLANG_WARN_COMMA = YES;
				CLANG_WARN_CONSTANT_CONVERSION = YES;
				CLANG_WARN_DEPRECATED_OBJC_IMPLEMENTATIONS = YES;
				CLANG_WARN_DIRECT_OBJC_ISA_USAGE = YES_ERROR;
				CLANG_WARN_DOCUMENTATION_COMMENTS = YES;
				CLANG_WARN_EMPTY_BODY = YES;
				CLANG_WARN_ENUM_CONVERSION = YES;
				CLANG_WARN_INFINITE_RECURSION = YES;
				CLANG_WARN_INT_CONVERSION = YES;
				CLANG_WARN_NON_LITERAL_NULL_CONVERSION = YES;
				CLANG_WARN_OBJC_IMPLICIT_RETAIN_SELF = YES;
				CLANG_WARN_OBJC_LITERAL_CONVERSION = YES;
				CLANG_WARN_OBJC_ROOT_CLASS = YES_ERROR;
				CLANG_WARN_RANGE_LOOP_ANALYSIS = YES;
				CLANG_WARN_STRICT_PROTOTYPES = YES;
				CLANG_WARN_SUSPICIOUS_MOVE = YES;
				CLANG_WARN_UNGUARDED_AVAILABILITY = YES_AGGRESSIVE;
				CLANG_WARN_UNREACHABLE_CODE = YES;
				CLANG_WARN__DUPLICATE_METHOD_MATCH = YES;
				COPY_PHASE_STRIP = NO;
				DEBUG_INFORMATION_FORMAT = dwarf;
				ENABLE_STRICT_OBJC_MSGSEND = YES;
				ENABLE_TESTABILITY = YES;
				GCC_C_LANGUAGE_STANDARD = gnu11;
				GCC_DYNAMIC_NO_PIC = NO;
				GCC_NO_COMMON_BLOCKS = YES;
				GCC_OPTIMIZATION_LEVEL = 0;
				GCC_PREPROCESSOR_DEFINITIONS = (
					"DEBUG=1",
					"$(inherited)",
				);
				GCC_WARN_64_TO_32_BIT_CONVERSION = YES;
				GCC_WARN_ABOUT_RETURN_TYPE = YES_ERROR;
				GCC_WARN_UNDECLARED_SELECTOR = YES;
				GCC_WARN_UNINITIALIZED_AUTOS = YES_AGGRESSIVE;
				GCC_WARN_UNUSED_FUNCTION = YES;
				GCC_WARN_UNUSED_VARIABLE = YES;
				IPHONEOS_DEPLOYMENT_TARGET = 13.4;
				MTL_ENABLE_DEBUG_INFO = INCLUDE_SOURCE;
				MTL_FAST_MATH = YES;
				ONLY_ACTIVE_ARCH = YES;
				SDKROOT = iphoneos;
				SWIFT_ACTIVE_COMPILATION_CONDITIONS = DEBUG;
				SWIFT_OPTIMIZATION_LEVEL = "-Onone";
			};
			name = Debug;
		};
		A50A67F124DBB95800FABA4F /* Release */ = {
			isa = XCBuildConfiguration;
			buildSettings = {
				ALWAYS_SEARCH_USER_PATHS = NO;
				CLANG_ANALYZER_NONNULL = YES;
				CLANG_ANALYZER_NUMBER_OBJECT_CONVERSION = YES_AGGRESSIVE;
				CLANG_CXX_LANGUAGE_STANDARD = "gnu++14";
				CLANG_CXX_LIBRARY = "libc++";
				CLANG_ENABLE_MODULES = YES;
				CLANG_ENABLE_OBJC_ARC = YES;
				CLANG_ENABLE_OBJC_WEAK = YES;
				CLANG_WARN_BLOCK_CAPTURE_AUTORELEASING = YES;
				CLANG_WARN_BOOL_CONVERSION = YES;
				CLANG_WARN_COMMA = YES;
				CLANG_WARN_CONSTANT_CONVERSION = YES;
				CLANG_WARN_DEPRECATED_OBJC_IMPLEMENTATIONS = YES;
				CLANG_WARN_DIRECT_OBJC_ISA_USAGE = YES_ERROR;
				CLANG_WARN_DOCUMENTATION_COMMENTS = YES;
				CLANG_WARN_EMPTY_BODY = YES;
				CLANG_WARN_ENUM_CONVERSION = YES;
				CLANG_WARN_INFINITE_RECURSION = YES;
				CLANG_WARN_INT_CONVERSION = YES;
				CLANG_WARN_NON_LITERAL_NULL_CONVERSION = YES;
				CLANG_WARN_OBJC_IMPLICIT_RETAIN_SELF = YES;
				CLANG_WARN_OBJC_LITERAL_CONVERSION = YES;
				CLANG_WARN_OBJC_ROOT_CLASS = YES_ERROR;
				CLANG_WARN_RANGE_LOOP_ANALYSIS = YES;
				CLANG_WARN_STRICT_PROTOTYPES = YES;
				CLANG_WARN_SUSPICIOUS_MOVE = YES;
				CLANG_WARN_UNGUARDED_AVAILABILITY = YES_AGGRESSIVE;
				CLANG_WARN_UNREACHABLE_CODE = YES;
				CLANG_WARN__DUPLICATE_METHOD_MATCH = YES;
				COPY_PHASE_STRIP = NO;
				DEBUG_INFORMATION_FORMAT = "dwarf-with-dsym";
				ENABLE_NS_ASSERTIONS = NO;
				ENABLE_STRICT_OBJC_MSGSEND = YES;
				GCC_C_LANGUAGE_STANDARD = gnu11;
				GCC_NO_COMMON_BLOCKS = YES;
				GCC_WARN_64_TO_32_BIT_CONVERSION = YES;
				GCC_WARN_ABOUT_RETURN_TYPE = YES_ERROR;
				GCC_WARN_UNDECLARED_SELECTOR = YES;
				GCC_WARN_UNINITIALIZED_AUTOS = YES_AGGRESSIVE;
				GCC_WARN_UNUSED_FUNCTION = YES;
				GCC_WARN_UNUSED_VARIABLE = YES;
				IPHONEOS_DEPLOYMENT_TARGET = 13.4;
				MTL_ENABLE_DEBUG_INFO = NO;
				MTL_FAST_MATH = YES;
				SDKROOT = iphoneos;
				SWIFT_COMPILATION_MODE = wholemodule;
				SWIFT_OPTIMIZATION_LEVEL = "-O";
				VALIDATE_PRODUCT = YES;
			};
			name = Release;
		};
		A50A67F324DBB95800FABA4F /* Debug */ = {
			isa = XCBuildConfiguration;
			buildSettings = {
				ASSETCATALOG_COMPILER_APPICON_NAME = AppIcon;
				CODE_SIGN_STYLE = Automatic;
				DEVELOPMENT_ASSET_PATHS = "\"WriteToDiskTest/Preview Content\"";
				DEVELOPMENT_TEAM = 9UHBV5AP46;
				ENABLE_PREVIEWS = YES;
				INFOPLIST_FILE = WriteToDiskTest/Info.plist;
				LD_RUNPATH_SEARCH_PATHS = (
					"$(inherited)",
					"@executable_path/Frameworks",
				);
				PRODUCT_BUNDLE_IDENTIFIER = me.hidemunetakahashi.WriteToDiskTest;
				PRODUCT_NAME = "$(TARGET_NAME)";
				SWIFT_VERSION = 5.0;
				TARGETED_DEVICE_FAMILY = "1,2";
			};
			name = Debug;
		};
		A50A67F424DBB95800FABA4F /* Release */ = {
			isa = XCBuildConfiguration;
			buildSettings = {
				ASSETCATALOG_COMPILER_APPICON_NAME = AppIcon;
				CODE_SIGN_STYLE = Automatic;
				DEVELOPMENT_ASSET_PATHS = "\"WriteToDiskTest/Preview Content\"";
				DEVELOPMENT_TEAM = 9UHBV5AP46;
				ENABLE_PREVIEWS = YES;
				INFOPLIST_FILE = WriteToDiskTest/Info.plist;
				LD_RUNPATH_SEARCH_PATHS = (
					"$(inherited)",
					"@executable_path/Frameworks",
				);
				PRODUCT_BUNDLE_IDENTIFIER = me.hidemunetakahashi.WriteToDiskTest;
				PRODUCT_NAME = "$(TARGET_NAME)";
				SWIFT_VERSION = 5.0;
				TARGETED_DEVICE_FAMILY = "1,2";
			};
			name = Release;
		};
		A50A67F624DBB95800FABA4F /* Debug */ = {
			isa = XCBuildConfiguration;
			buildSettings = {
				ALWAYS_EMBED_SWIFT_STANDARD_LIBRARIES = YES;
				BUNDLE_LOADER = "$(TEST_HOST)";
				CODE_SIGN_STYLE = Automatic;
				DEVELOPMENT_TEAM = 9UHBV5AP46;
				INFOPLIST_FILE = WriteToDiskTestTests/Info.plist;
				IPHONEOS_DEPLOYMENT_TARGET = 13.4;
				LD_RUNPATH_SEARCH_PATHS = (
					"$(inherited)",
					"@executable_path/Frameworks",
					"@loader_path/Frameworks",
				);
				PRODUCT_BUNDLE_IDENTIFIER = me.hidemunetakahashi.WriteToDiskTestTests;
				PRODUCT_NAME = "$(TARGET_NAME)";
				SWIFT_VERSION = 5.0;
				TARGETED_DEVICE_FAMILY = "1,2";
				TEST_HOST = "$(BUILT_PRODUCTS_DIR)/WriteToDiskTest.app/WriteToDiskTest";
			};
			name = Debug;
		};
		A50A67F724DBB95800FABA4F /* Release */ = {
			isa = XCBuildConfiguration;
			buildSettings = {
				ALWAYS_EMBED_SWIFT_STANDARD_LIBRARIES = YES;
				BUNDLE_LOADER = "$(TEST_HOST)";
				CODE_SIGN_STYLE = Automatic;
				DEVELOPMENT_TEAM = 9UHBV5AP46;
				INFOPLIST_FILE = WriteToDiskTestTests/Info.plist;
				IPHONEOS_DEPLOYMENT_TARGET = 13.4;
				LD_RUNPATH_SEARCH_PATHS = (
					"$(inherited)",
					"@executable_path/Frameworks",
					"@loader_path/Frameworks",
				);
				PRODUCT_BUNDLE_IDENTIFIER = me.hidemunetakahashi.WriteToDiskTestTests;
				PRODUCT_NAME = "$(TARGET_NAME)";
				SWIFT_VERSION = 5.0;
				TARGETED_DEVICE_FAMILY = "1,2";
				TEST_HOST = "$(BUILT_PRODUCTS_DIR)/WriteToDiskTest.app/WriteToDiskTest";
			};
			name = Release;
		};
		A50A67F924DBB95800FABA4F /* Debug */ = {
			isa = XCBuildConfiguration;
			buildSettings = {
				ALWAYS_EMBED_SWIFT_STANDARD_LIBRARIES = YES;
				CODE_SIGN_STYLE = Automatic;
				DEVELOPMENT_TEAM = 9UHBV5AP46;
				INFOPLIST_FILE = WriteToDiskTestUITests/Info.plist;
				LD_RUNPATH_SEARCH_PATHS = (
					"$(inherited)",
					"@executable_path/Frameworks",
					"@loader_path/Frameworks",
				);
				PRODUCT_BUNDLE_IDENTIFIER = me.hidemunetakahashi.WriteToDiskTestUITests;
				PRODUCT_NAME = "$(TARGET_NAME)";
				SWIFT_VERSION = 5.0;
				TARGETED_DEVICE_FAMILY = "1,2";
				TEST_TARGET_NAME = WriteToDiskTest;
			};
			name = Debug;
		};
		A50A67FA24DBB95800FABA4F /* Release */ = {
			isa = XCBuildConfiguration;
			buildSettings = {
				ALWAYS_EMBED_SWIFT_STANDARD_LIBRARIES = YES;
				CODE_SIGN_STYLE = Automatic;
				DEVELOPMENT_TEAM = 9UHBV5AP46;
				INFOPLIST_FILE = WriteToDiskTestUITests/Info.plist;
				LD_RUNPATH_SEARCH_PATHS = (
					"$(inherited)",
					"@executable_path/Frameworks",
					"@loader_path/Frameworks",
				);
				PRODUCT_BUNDLE_IDENTIFIER = me.hidemunetakahashi.WriteToDiskTestUITests;
				PRODUCT_NAME = "$(TARGET_NAME)";
				SWIFT_VERSION = 5.0;
				TARGETED_DEVICE_FAMILY = "1,2";
				TEST_TARGET_NAME = WriteToDiskTest;
			};
			name = Release;
		};
/* End XCBuildConfiguration section */

/* Begin XCConfigurationList section */
		A50A67C324DBB95400FABA4F /* Build configuration list for PBXProject "WriteToDiskTest" */ = {
			isa = XCConfigurationList;
			buildConfigurations = (
				A50A67F024DBB95800FABA4F /* Debug */,
				A50A67F124DBB95800FABA4F /* Release */,
			);
			defaultConfigurationIsVisible = 0;
			defaultConfigurationName = Release;
		};
		A50A67F224DBB95800FABA4F /* Build configuration list for PBXNativeTarget "WriteToDiskTest" */ = {
			isa = XCConfigurationList;
			buildConfigurations = (
				A50A67F324DBB95800FABA4F /* Debug */,
				A50A67F424DBB95800FABA4F /* Release */,
			);
			defaultConfigurationIsVisible = 0;
			defaultConfigurationName = Release;
		};
		A50A67F524DBB95800FABA4F /* Build configuration list for PBXNativeTarget "WriteToDiskTestTests" */ = {
			isa = XCConfigurationList;
			buildConfigurations = (
				A50A67F624DBB95800FABA4F /* Debug */,
				A50A67F724DBB95800FABA4F /* Release */,
			);
			defaultConfigurationIsVisible = 0;
			defaultConfigurationName = Release;
		};
		A50A67F824DBB95800FABA4F /* Build configuration list for PBXNativeTarget "WriteToDiskTestUITests" */ = {
			isa = XCConfigurationList;
			buildConfigurations = (
				A50A67F924DBB95800FABA4F /* Debug */,
				A50A67FA24DBB95800FABA4F /* Release */,
			);
			defaultConfigurationIsVisible = 0;
			defaultConfigurationName = Release;
		};
/* End XCConfigurationList section */
	};
	rootObject = A50A67C024DBB95400FABA4F /* Project object */;
}
